
Microsoft Visual Studio Solution File, Format Version 12.00
# Visual Studio Version 17
VisualStudioVersion = 17.4.33205.214
MinimumVisualStudioVersion = 10.0.40219.1
Project("{FAE04EC0-301F-11D3-BF4B-00C04F79EFBC}") = "API", "API\API.csproj", "{8A999669-20E8-41FC-9B6F-C94CC8D34B12}"
EndProject
Project("{FAE04EC0-301F-11D3-BF4B-00C04F79EFBC}") = "Domain", "Domain\Domain.csproj", "{F36FFC3F-4328-48F6-BD84-95E0D956F737}"
EndProject
Project("{FAE04EC0-301F-11D3-BF4B-00C04F79EFBC}") = "Infrastructure", "Infrastructure\Infrastructure.csproj", "{26E72EB3-7E25-4B96-9FDF-CA2F1D4B293B}"
EndProject
Global
	GlobalSection(SolutionConfigurationPlatforms) = preSolution
		Debug|Any CPU = Debug|Any CPU
		Release|Any CPU = Release|Any CPU
	EndGlobalSection
	GlobalSection(ProjectConfigurationPlatforms) = postSolution
		{8A999669-20E8-41FC-9B6F-C94CC8D34B12}.Debug|Any CPU.ActiveCfg = Debug|Any CPU
		{8A999669-20E8-41FC-9B6F-C94CC8D34B12}.Debug|Any CPU.Build.0 = Debug|Any CPU
		{8A999669-20E8-41FC-9B6F-C94CC8D34B12}.Release|Any CPU.ActiveCfg = Release|Any CPU
		{8A999669-20E8-41FC-9B6F-C94CC8D34B12}.Release|Any CPU.Build.0 = Release|Any CPU
		{F36FFC3F-4328-48F6-BD84-95E0D956F737}.Debug|Any CPU.ActiveCfg = Debug|Any CPU
		{F36FFC3F-4328-48F6-BD84-95E0D956F737}.Debug|Any CPU.Build.0 = Debug|Any CPU
		{F36FFC3F-4328-48F6-BD84-95E0D956F737}.Release|Any CPU.ActiveCfg = Release|Any CPU
		{F36FFC3F-4328-48F6-BD84-95E0D956F737}.Release|Any CPU.Build.0 = Release|Any CPU
		{26E72EB3-7E25-4B96-9FDF-CA2F1D4B293B}.Debug|Any CPU.ActiveCfg = Debug|Any CPU
		{26E72EB3-7E25-4B96-9FDF-CA2F1D4B293B}.Debug|Any CPU.Build.0 = Debug|Any CPU
		{26E72EB3-7E25-4B96-9FDF-CA2F1D4B293B}.Release|Any CPU.ActiveCfg = Release|Any CPU
		{26E72EB3-7E25-4B96-9FDF-CA2F1D4B293B}.Release|Any CPU.Build.0 = Release|Any CPU
	EndGlobalSection
	GlobalSection(SolutionProperties) = preSolution
		HideSolutionNode = FALSE
	EndGlobalSection
	GlobalSection(ExtensibilityGlobals) = postSolution
		SolutionGuid = {A40073F7-B490-477F-9890-0AE9E47F29F4}
	EndGlobalSection
EndGlobal
